
Microsoft Visual Studio Solution File, Format Version 12.00
# Visual Studio Version 16
VisualStudioVersion = 16.0.31829.152
MinimumVisualStudioVersion = 10.0.40219.1
Project("{FAE04EC0-301F-11D3-BF4B-00C04F79EFBC}") = "Task23", "Task23\Task23.csproj", "{46504DD6-F223-4C60-AC92-F9F86D75A8F2}"
EndProject
Global
	GlobalSection(SolutionConfigurationPlatforms) = preSolution
		Debug|Any CPU = Debug|Any CPU
		Release|Any CPU = Release|Any CPU
	EndGlobalSection
	GlobalSection(ProjectConfigurationPlatforms) = postSolution
		{46504DD6-F223-4C60-AC92-F9F86D75A8F2}.Debug|Any CPU.ActiveCfg = Debug|Any CPU
		{46504DD6-F223-4C60-AC92-F9F86D75A8F2}.Debug|Any CPU.Build.0 = Debug|Any CPU
		{46504DD6-F223-4C60-AC92-F9F86D75A8F2}.Release|Any CPU.ActiveCfg = Release|Any CPU
		{46504DD6-F223-4C60-AC92-F9F86D75A8F2}.Release|Any CPU.Build.0 = Release|Any CPU
	EndGlobalSection
	GlobalSection(SolutionProperties) = preSolution
		HideSolutionNode = FALSE
	EndGlobalSection
	GlobalSection(ExtensibilityGlobals) = postSolution
		SolutionGuid = {609E4A60-4578-421C-B133-6F98B95C3976}
	EndGlobalSection
EndGlobal
